
Microsoft Visual Studio Solution File, Format Version 12.00
# Visual Studio Version 17
VisualStudioVersion = 17.5.002.0
MinimumVisualStudioVersion = 10.0.40219.1
Project("{9A19103F-16F7-4668-BE54-9A1E7A4F7556}") = "hw1", "hw1\hw1.csproj", "{E23F0EA8-0430-46D8-ABAD-CA83AEDF64CE}"
EndProject
Project("{9A19103F-16F7-4668-BE54-9A1E7A4F7556}") = "hw2", "hw2\hw2.csproj", "{6917DDBB-CAF6-4BE8-B07C-ADBFFF610FFF}"
EndProject
Project("{9A19103F-16F7-4668-BE54-9A1E7A4F7556}") = "hw3", "hw3\hw3.csproj", "{C833A14B-3370-4538-B760-1C43CCCBD1D3}"
EndProject
Global
	GlobalSection(SolutionConfigurationPlatforms) = preSolution
		Debug|Any CPU = Debug|Any CPU
		Release|Any CPU = Release|Any CPU
	EndGlobalSection
	GlobalSection(ProjectConfigurationPlatforms) = postSolution
		{E23F0EA8-0430-46D8-ABAD-CA83AEDF64CE}.Debug|Any CPU.ActiveCfg = Debug|Any CPU
		{E23F0EA8-0430-46D8-ABAD-CA83AEDF64CE}.Debug|Any CPU.Build.0 = Debug|Any CPU
		{E23F0EA8-0430-46D8-ABAD-CA83AEDF64CE}.Release|Any CPU.ActiveCfg = Release|Any CPU
		{E23F0EA8-0430-46D8-ABAD-CA83AEDF64CE}.Release|Any CPU.Build.0 = Release|Any CPU
		{6917DDBB-CAF6-4BE8-B07C-ADBFFF610FFF}.Debug|Any CPU.ActiveCfg = Debug|Any CPU
		{6917DDBB-CAF6-4BE8-B07C-ADBFFF610FFF}.Debug|Any CPU.Build.0 = Debug|Any CPU
		{6917DDBB-CAF6-4BE8-B07C-ADBFFF610FFF}.Release|Any CPU.ActiveCfg = Release|Any CPU
		{6917DDBB-CAF6-4BE8-B07C-ADBFFF610FFF}.Release|Any CPU.Build.0 = Release|Any CPU
		{C833A14B-3370-4538-B760-1C43CCCBD1D3}.Debug|Any CPU.ActiveCfg = Debug|Any CPU
		{C833A14B-3370-4538-B760-1C43CCCBD1D3}.Debug|Any CPU.Build.0 = Debug|Any CPU
		{C833A14B-3370-4538-B760-1C43CCCBD1D3}.Release|Any CPU.ActiveCfg = Release|Any CPU
		{C833A14B-3370-4538-B760-1C43CCCBD1D3}.Release|Any CPU.Build.0 = Release|Any CPU
	EndGlobalSection
	GlobalSection(SolutionProperties) = preSolution
		HideSolutionNode = FALSE
	EndGlobalSection
	GlobalSection(ExtensibilityGlobals) = postSolution
		SolutionGuid = {D3C4FE54-A9A3-41B1-8D31-7869B74EB8FD}
	EndGlobalSection
EndGlobal
